// !$*UTF8*$!
{
	archiveVersion = 1;
	classes = {
	};
	objectVersion = 54;
	objects = {

/* Begin PBXBuildFile section */
		CAFE00000000000000000001 /* KawazApp.swift in Sources */ = {isa = PBXBuildFile; fileRef = CAFE00000000000000000002 /* KawazApp.swift */; };
		CAFE00000000000000000005 /* Assets.xcassets in Resources */ = {isa = PBXBuildFile; fileRef = CAFE00000000000000000006 /* Assets.xcassets */; };
		CAFE00000000000000000018 /* WebKit.framework in Frameworks */ = {isa = PBXBuildFile; fileRef = CAFE00000000000000000019 /* WebKit.framework */; };
/* End PBXBuildFile section */

/* Begin PBXFileReference section */
		CAFE00000000000000000002 /* KawazApp.swift */ = {isa = PBXFileReference; lastKnownFileType = sourcecode.swift; path = KawazApp.swift; sourceTree = "<group>"; };
		CAFE00000000000000000006 /* Assets.xcassets */ = {isa = PBXFileReference; lastKnownFileType = folder.assetcatalog; path = Assets.xcassets; sourceTree = "<group>"; };
		CAFE00000000000000000007 /* Info.plist */ = {isa = PBXFileReference; lastKnownFileType = text.plist.xml; path = Info.plist; sourceTree = "<group>"; };
		CAFE00000000000000000008 /* App.app */ = {isa = PBXFileReference; explicitFileType = wrapper.application; includeInIndex = 0; path = App.app; sourceTree = BUILT_PRODUCTS_DIR; };
		CAFE00000000000000000019 /* WebKit.framework */ = {isa = PBXFileReference; lastKnownFileType = wrapper.framework; name = WebKit.framework; path = System/Cryptexes/OS/System/Library/Frameworks/WebKit.framework; sourceTree = SDKROOT; };
/* End PBXFileReference section */

/* Begin PBXFrameworksBuildPhase section */
		CAFE00000000000000000009 /* Frameworks */ = {
			isa = PBXFrameworksBuildPhase;
			buildActionMask = 2147483647;
			files = (
				CAFE00000000000000000018 /* WebKit.framework in Frameworks */,
			);
			runOnlyForDeploymentPostprocessing = 0;
		};
/* End PBXFrameworksBuildPhase section */

/* Begin PBXGroup section */
		CAFE0000000000000000000A /* App */ = {
			isa = PBXGroup;
			children = (
				CAFE00000000000000000002 /* KawazApp.swift */,
				CAFE00000000000000000006 /* Assets.xcassets */,
				CAFE00000000000000000007 /* Info.plist */,
			);
			path = App;
			sourceTree = "<group>";
		};
		CAFE0000000000000000000B /* Products */ = {
			isa = PBXGroup;
			children = (
				CAFE00000000000000000008 /* App.app */,
			);
			name = Products;
			sourceTree = "<group>";
		};
		CAFE0000000000000000000C = {
			isa = PBXGroup;
			children = (
				CAFE0000000000000000000A /* App */,
				CAFE0000000000000000000B /* Products */,
			);
			sourceTree = "<group>";
		};
/* End PBXGroup section */

/* Begin PBXNativeTarget section */
		CAFE0000000000000000000D /* App */ = {
			isa = PBXNativeTarget;
			buildConfigurationList = CAFE0000000000000000000E /* Build configuration list for PBXNativeTarget "App" */;
			buildPhases = (
				CAFE00000000000000000009 /* Frameworks */,
				CAFE00000000000000000011 /* Sources */,
				CAFE00000000000000000010 /* Resources */,
			);
			buildRules = (
			);
			dependencies = (
			);
			name = App;
			productName = App;
			productReference = CAFE00000000000000000008 /* App.app */;
			productType = "com.apple.product-type.application";
		};
/* End PBXNativeTarget section */

/* Begin PBXProject section */
		CAFE0000000000000000000F /* Project object */ = {
			isa = PBXProject;
			attributes = {
				LastSwiftUpdateCheck = 1500;
				LastUpgradeCheck = 1500;
				TargetAttributes = {
					CAFE0000000000000000000D = {
						CreatedOnToolsVersion = 15.0;
					};
				};
			};
			buildConfigurationList = CAFE00000000000000000017 /* Build configuration list for PBXProject "App" */;
			compatibilityVersion = "Xcode 14.0";
			developmentRegion = en;
			hasScannedForEncodings = 0;
			knownRegions = (
				en,
				Base,
			);
			mainGroup = CAFE0000000000000000000C;
			productRefGroup = CAFE0000000000000000000B /* Products */;
			projectDirPath = "";
			projectRoot = "";
			targets = (
				CAFE0000000000000000000D /* App */,
			);
		};
/* End PBXProject section */

/* Begin PBXResourcesBuildPhase section */
		CAFE00000000000000000010 /* Resources */ = {
			isa = PBXResourcesBuildPhase;
			buildActionMask = 2147483647;
			files = (
				CAFE00000000000000000005 /* Assets.xcassets in Resources */,
			);
			runOnlyForDeploymentPostprocessing = 0;
		};
/* End PBXResourcesBuildPhase section */

/* Begin PBXSourcesBuildPhase section */
		CAFE00000000000000000011 /* Sources */ = {
			isa = PBXSourcesBuildPhase;
			buildActionMask = 2147483647;
			files = (
				CAFE00000000000000000001 /* KawazApp.swift in Sources */,
			);
			runOnlyForDeploymentPostprocessing = 0;
		};
/* End PBXSourcesBuildPhase section */

/* Begin XCBuildConfiguration section */
		CAFE00000000000000000012 /* Debug */ = {
			isa = XCBuildConfiguration;
			buildSettings = {
				ALWAYS_SEARCH_USER_PATHS = NO;
				CLANG_ENABLE_MODULES = YES;
				CLANG_ENABLE_OBJC_ARC = YES;
				GCC_NO_COMMON_BLOCKS = YES;
				GCC_WARN_ABOUT_RETURN_TYPE = YES_ERROR;
				SDKROOT = appletvos;
				SWIFT_OPTIMIZATION_LEVEL = "-Onone";
				SWIFT_VERSION = 5.0;
				TVOS_DEPLOYMENT_TARGET = 16.0;
			};
			name = Debug;
		};
		CAFE00000000000000000013 /* Release */ = {
			isa = XCBuildConfiguration;
			buildSettings = {
				ALWAYS_SEARCH_USER_PATHS = NO;
				CLANG_ENABLE_MODULES = YES;
				CLANG_ENABLE_OBJC_ARC = YES;
				GCC_NO_COMMON_BLOCKS = YES;
				GCC_WARN_ABOUT_RETURN_TYPE = YES_ERROR;
				SDKROOT = appletvos;
				SWIFT_OPTIMIZATION_LEVEL = "-Owholemodule";
				SWIFT_VERSION = 5.0;
				TVOS_DEPLOYMENT_TARGET = 16.0;
				VALIDATE_PRODUCT = YES;
			};
			name = Release;
		};
		CAFE00000000000000000014 /* Debug */ = {
			isa = XCBuildConfiguration;
			buildSettings = {
				ASSETCATALOG_COMPILER_APPICON_NAME = AppIcon;
				CODE_SIGN_STYLE = Automatic;
				FRAMEWORK_SEARCH_PATHS = "$(SDKROOT)/System/Cryptexes/OS/System/Library/Frameworks $(inherited)";
				CURRENT_PROJECT_VERSION = 51;
				INFOPLIST_FILE = App/Info.plist;
				MARKETING_VERSION = 1.0.51;
				PRODUCT_BUNDLE_IDENTIFIER = com.kawaz.plus;
				PRODUCT_NAME = "$(TARGET_NAME)";
				SDKROOT = appletvos;
				SWIFT_VERSION = 5.0;
				TARGETED_DEVICE_FAMILY = "3";
				TVOS_DEPLOYMENT_TARGET = 16.0;
			};
			name = Debug;
		};
		CAFE00000000000000000015 /* Release */ = {
			isa = XCBuildConfiguration;
			buildSettings = {
				ASSETCATALOG_COMPILER_APPICON_NAME = AppIcon;
				CODE_SIGN_IDENTITY = "Apple Distribution";
				FRAMEWORK_SEARCH_PATHS = "$(SDKROOT)/System/Cryptexes/OS/System/Library/Frameworks $(inherited)";
				CODE_SIGN_STYLE = Manual;
				CURRENT_PROJECT_VERSION = 51;
				INFOPLIST_FILE = App/Info.plist;
				MARKETING_VERSION = 1.0.51;
				PRODUCT_BUNDLE_IDENTIFIER = com.kawaz.plus;
				PRODUCT_NAME = "$(TARGET_NAME)";
				SDKROOT = appletvos;
				SWIFT_VERSION = 5.0;
				TARGETED_DEVICE_FAMILY = "3";
				TVOS_DEPLOYMENT_TARGET = 16.0;
			};
			name = Release;
		};
/* End XCBuildConfiguration section */

/* Begin XCConfigurationList section */
		CAFE0000000000000000000E /* Build configuration list for PBXNativeTarget "App" */ = {
			isa = XCConfigurationList;
			buildConfigurations = (
				CAFE00000000000000000014 /* Debug */,
				CAFE00000000000000000015 /* Release */,
			);
			defaultConfigurationIsVisible = 0;
			defaultConfigurationName = Release;
		};
		CAFE00000000000000000017 /* Build configuration list for PBXProject "App" */ = {
			isa = XCConfigurationList;
			buildConfigurations = (
				CAFE00000000000000000012 /* Debug */,
				CAFE00000000000000000013 /* Release */,
			);
			defaultConfigurationIsVisible = 0;
			defaultConfigurationName = Release;
		};
/* End XCConfigurationList section */
	};
	rootObject = CAFE0000000000000000000F /* Project object */;
}
